
Microsoft Visual Studio Solution File, Format Version 12.00
# Visual Studio Version 17
VisualStudioVersion = 17.9.34622.214
MinimumVisualStudioVersion = 10.0.40219.1
Project("{FAE04EC0-301F-11D3-BF4B-00C04F79EFBC}") = "PharmacySystem", "PharmacySystem.csproj", "{610749E5-EC0F-4FAE-A9ED-F60E6A40FF20}"
EndProject
Global
	GlobalSection(SolutionConfigurationPlatforms) = preSolution
		Debug|Any CPU = Debug|Any CPU
		Release|Any CPU = Release|Any CPU
	EndGlobalSection
	GlobalSection(ProjectConfigurationPlatforms) = postSolution
		{610749E5-EC0F-4FAE-A9ED-F60E6A40FF20}.Debug|Any CPU.ActiveCfg = Debug|Any CPU
		{610749E5-EC0F-4FAE-A9ED-F60E6A40FF20}.Debug|Any CPU.Build.0 = Debug|Any CPU
		{610749E5-EC0F-4FAE-A9ED-F60E6A40FF20}.Release|Any CPU.ActiveCfg = Release|Any CPU
		{610749E5-EC0F-4FAE-A9ED-F60E6A40FF20}.Release|Any CPU.Build.0 = Release|Any CPU
	EndGlobalSection
	GlobalSection(SolutionProperties) = preSolution
		HideSolutionNode = FALSE
	EndGlobalSection
	GlobalSection(ExtensibilityGlobals) = postSolution
		SolutionGuid = {7F4A0356-2949-4FF9-9F90-A550917C3D98}
	EndGlobalSection
EndGlobal
